
Microsoft Visual Studio Solution File, Format Version 12.00
# Visual Studio 15
Project("{FAE04EC0-301F-11D3-BF4B-00C04F79EFBC}") = "AstarPathfindingProject", "AstarPathfindingProject.csproj", "{3DA0338A-7793-ECBB-05EE-C9C8F82B014C}"
EndProject
Project("{FAE04EC0-301F-11D3-BF4B-00C04F79EFBC}") = "Assembly-CSharp", "Assembly-CSharp.csproj", "{06287595-0CC4-27FA-9DC0-AA9B078DF9FB}"
EndProject
Project("{FAE04EC0-301F-11D3-BF4B-00C04F79EFBC}") = "PackageToolsEditor", "PackageToolsEditor.csproj", "{A87CD3FE-98CE-C520-63CB-5A62E3EE928E}"
EndProject
Project("{FAE04EC0-301F-11D3-BF4B-00C04F79EFBC}") = "AstarPathfindingProjectEditor", "AstarPathfindingProjectEditor.csproj", "{14DC00E5-6956-2E4D-21EC-98928B9FCA35}"
EndProject
Global
	GlobalSection(SolutionConfigurationPlatforms) = preSolution
		Debug|Any CPU = Debug|Any CPU
		Release|Any CPU = Release|Any CPU
	EndGlobalSection
	GlobalSection(ProjectConfigurationPlatforms) = postSolution
		{3DA0338A-7793-ECBB-05EE-C9C8F82B014C}.Debug|Any CPU.ActiveCfg = Debug|Any CPU
		{3DA0338A-7793-ECBB-05EE-C9C8F82B014C}.Debug|Any CPU.Build.0 = Debug|Any CPU
		{3DA0338A-7793-ECBB-05EE-C9C8F82B014C}.Release|Any CPU.ActiveCfg = Release|Any CPU
		{3DA0338A-7793-ECBB-05EE-C9C8F82B014C}.Release|Any CPU.Build.0 = Release|Any CPU
		{06287595-0CC4-27FA-9DC0-AA9B078DF9FB}.Debug|Any CPU.ActiveCfg = Debug|Any CPU
		{06287595-0CC4-27FA-9DC0-AA9B078DF9FB}.Debug|Any CPU.Build.0 = Debug|Any CPU
		{06287595-0CC4-27FA-9DC0-AA9B078DF9FB}.Release|Any CPU.ActiveCfg = Release|Any CPU
		{06287595-0CC4-27FA-9DC0-AA9B078DF9FB}.Release|Any CPU.Build.0 = Release|Any CPU
		{A87CD3FE-98CE-C520-63CB-5A62E3EE928E}.Debug|Any CPU.ActiveCfg = Debug|Any CPU
		{A87CD3FE-98CE-C520-63CB-5A62E3EE928E}.Debug|Any CPU.Build.0 = Debug|Any CPU
		{A87CD3FE-98CE-C520-63CB-5A62E3EE928E}.Release|Any CPU.ActiveCfg = Release|Any CPU
		{A87CD3FE-98CE-C520-63CB-5A62E3EE928E}.Release|Any CPU.Build.0 = Release|Any CPU
		{14DC00E5-6956-2E4D-21EC-98928B9FCA35}.Debug|Any CPU.ActiveCfg = Debug|Any CPU
		{14DC00E5-6956-2E4D-21EC-98928B9FCA35}.Debug|Any CPU.Build.0 = Debug|Any CPU
		{14DC00E5-6956-2E4D-21EC-98928B9FCA35}.Release|Any CPU.ActiveCfg = Release|Any CPU
		{14DC00E5-6956-2E4D-21EC-98928B9FCA35}.Release|Any CPU.Build.0 = Release|Any CPU
	EndGlobalSection
	GlobalSection(SolutionProperties) = preSolution
		HideSolutionNode = FALSE
	EndGlobalSection
EndGlobal
